
Microsoft Visual Studio Solution File, Format Version 12.00
# Visual Studio Version 17
VisualStudioVersion = 17.7.34221.43
MinimumVisualStudioVersion = 10.0.40219.1
Project("{FAE04EC0-301F-11D3-BF4B-00C04F79EFBC}") = "GoodNightProject.Android", "GoodNightProject\GoodNightProject.Android\GoodNightProject.Android.csproj", "{BF595271-104C-47CA-975A-4AE3694A8D54}"
EndProject
Project("{FAE04EC0-301F-11D3-BF4B-00C04F79EFBC}") = "GoodNightProject.iOS", "GoodNightProject\GoodNightProject.iOS\GoodNightProject.iOS.csproj", "{07F7074A-ED2C-4846-AE04-2FDE2F6E7512}"
EndProject
Project("{FAE04EC0-301F-11D3-BF4B-00C04F79EFBC}") = "GoodNightProject", "GoodNightProject\GoodNightProject\GoodNightProject.csproj", "{70757459-B591-4F50-B986-2989AD657BC9}"
EndProject
Global
	GlobalSection(SolutionConfigurationPlatforms) = preSolution
		Debug|Any CPU = Debug|Any CPU
		Debug|iPhone = Debug|iPhone
		Debug|iPhoneSimulator = Debug|iPhoneSimulator
		Release|Any CPU = Release|Any CPU
		Release|iPhone = Release|iPhone
		Release|iPhoneSimulator = Release|iPhoneSimulator
	EndGlobalSection
	GlobalSection(ProjectConfigurationPlatforms) = postSolution
		{BF595271-104C-47CA-975A-4AE3694A8D54}.Debug|Any CPU.ActiveCfg = Debug|Any CPU
		{BF595271-104C-47CA-975A-4AE3694A8D54}.Debug|Any CPU.Build.0 = Debug|Any CPU
		{BF595271-104C-47CA-975A-4AE3694A8D54}.Debug|Any CPU.Deploy.0 = Debug|Any CPU
		{BF595271-104C-47CA-975A-4AE3694A8D54}.Debug|iPhone.ActiveCfg = Debug|Any CPU
		{BF595271-104C-47CA-975A-4AE3694A8D54}.Debug|iPhone.Build.0 = Debug|Any CPU
		{BF595271-104C-47CA-975A-4AE3694A8D54}.Debug|iPhone.Deploy.0 = Debug|Any CPU
		{BF595271-104C-47CA-975A-4AE3694A8D54}.Debug|iPhoneSimulator.ActiveCfg = Debug|Any CPU
		{BF595271-104C-47CA-975A-4AE3694A8D54}.Debug|iPhoneSimulator.Build.0 = Debug|Any CPU
		{BF595271-104C-47CA-975A-4AE3694A8D54}.Debug|iPhoneSimulator.Deploy.0 = Debug|Any CPU
		{BF595271-104C-47CA-975A-4AE3694A8D54}.Release|Any CPU.ActiveCfg = Release|Any CPU
		{BF595271-104C-47CA-975A-4AE3694A8D54}.Release|Any CPU.Build.0 = Release|Any CPU
		{BF595271-104C-47CA-975A-4AE3694A8D54}.Release|Any CPU.Deploy.0 = Release|Any CPU
		{BF595271-104C-47CA-975A-4AE3694A8D54}.Release|iPhone.ActiveCfg = Release|Any CPU
		{BF595271-104C-47CA-975A-4AE3694A8D54}.Release|iPhone.Build.0 = Release|Any CPU
		{BF595271-104C-47CA-975A-4AE3694A8D54}.Release|iPhone.Deploy.0 = Release|Any CPU
		{BF595271-104C-47CA-975A-4AE3694A8D54}.Release|iPhoneSimulator.ActiveCfg = Release|Any CPU
		{BF595271-104C-47CA-975A-4AE3694A8D54}.Release|iPhoneSimulator.Build.0 = Release|Any CPU
		{BF595271-104C-47CA-975A-4AE3694A8D54}.Release|iPhoneSimulator.Deploy.0 = Release|Any CPU
		{07F7074A-ED2C-4846-AE04-2FDE2F6E7512}.Debug|Any CPU.ActiveCfg = Debug|iPhone
		{07F7074A-ED2C-4846-AE04-2FDE2F6E7512}.Debug|Any CPU.Build.0 = Debug|iPhone
		{07F7074A-ED2C-4846-AE04-2FDE2F6E7512}.Debug|Any CPU.Deploy.0 = Debug|iPhone
		{07F7074A-ED2C-4846-AE04-2FDE2F6E7512}.Debug|iPhone.ActiveCfg = Debug|iPhone
		{07F7074A-ED2C-4846-AE04-2FDE2F6E7512}.Debug|iPhone.Build.0 = Debug|iPhone
		{07F7074A-ED2C-4846-AE04-2FDE2F6E7512}.Debug|iPhone.Deploy.0 = Debug|iPhone
		{07F7074A-ED2C-4846-AE04-2FDE2F6E7512}.Debug|iPhoneSimulator.ActiveCfg = Debug|iPhoneSimulator
		{07F7074A-ED2C-4846-AE04-2FDE2F6E7512}.Debug|iPhoneSimulator.Build.0 = Debug|iPhoneSimulator
		{07F7074A-ED2C-4846-AE04-2FDE2F6E7512}.Debug|iPhoneSimulator.Deploy.0 = Debug|iPhoneSimulator
		{07F7074A-ED2C-4846-AE04-2FDE2F6E7512}.Release|Any CPU.ActiveCfg = Release|iPhoneSimulator
		{07F7074A-ED2C-4846-AE04-2FDE2F6E7512}.Release|Any CPU.Build.0 = Release|iPhoneSimulator
		{07F7074A-ED2C-4846-AE04-2FDE2F6E7512}.Release|Any CPU.Deploy.0 = Release|iPhoneSimulator
		{07F7074A-ED2C-4846-AE04-2FDE2F6E7512}.Release|iPhone.ActiveCfg = Release|iPhone
		{07F7074A-ED2C-4846-AE04-2FDE2F6E7512}.Release|iPhone.Build.0 = Release|iPhone
		{07F7074A-ED2C-4846-AE04-2FDE2F6E7512}.Release|iPhone.Deploy.0 = Release|iPhone
		{07F7074A-ED2C-4846-AE04-2FDE2F6E7512}.Release|iPhoneSimulator.ActiveCfg = Release|iPhoneSimulator
		{07F7074A-ED2C-4846-AE04-2FDE2F6E7512}.Release|iPhoneSimulator.Build.0 = Release|iPhoneSimulator
		{07F7074A-ED2C-4846-AE04-2FDE2F6E7512}.Release|iPhoneSimulator.Deploy.0 = Release|iPhoneSimulator
		{70757459-B591-4F50-B986-2989AD657BC9}.Debug|Any CPU.ActiveCfg = Debug|Any CPU
		{70757459-B591-4F50-B986-2989AD657BC9}.Debug|Any CPU.Build.0 = Debug|Any CPU
		{70757459-B591-4F50-B986-2989AD657BC9}.Debug|Any CPU.Deploy.0 = Debug|Any CPU
		{70757459-B591-4F50-B986-2989AD657BC9}.Debug|iPhone.ActiveCfg = Debug|Any CPU
		{70757459-B591-4F50-B986-2989AD657BC9}.Debug|iPhone.Build.0 = Debug|Any CPU
		{70757459-B591-4F50-B986-2989AD657BC9}.Debug|iPhone.Deploy.0 = Debug|Any CPU
		{70757459-B591-4F50-B986-2989AD657BC9}.Debug|iPhoneSimulator.ActiveCfg = Debug|Any CPU
		{70757459-B591-4F50-B986-2989AD657BC9}.Debug|iPhoneSimulator.Build.0 = Debug|Any CPU
		{70757459-B591-4F50-B986-2989AD657BC9}.Debug|iPhoneSimulator.Deploy.0 = Debug|Any CPU
		{70757459-B591-4F50-B986-2989AD657BC9}.Release|Any CPU.ActiveCfg = Release|Any CPU
		{70757459-B591-4F50-B986-2989AD657BC9}.Release|Any CPU.Build.0 = Release|Any CPU
		{70757459-B591-4F50-B986-2989AD657BC9}.Release|Any CPU.Deploy.0 = Release|Any CPU
		{70757459-B591-4F50-B986-2989AD657BC9}.Release|iPhone.ActiveCfg = Release|Any CPU
		{70757459-B591-4F50-B986-2989AD657BC9}.Release|iPhone.Build.0 = Release|Any CPU
		{70757459-B591-4F50-B986-2989AD657BC9}.Release|iPhone.Deploy.0 = Release|Any CPU
		{70757459-B591-4F50-B986-2989AD657BC9}.Release|iPhoneSimulator.ActiveCfg = Release|Any CPU
		{70757459-B591-4F50-B986-2989AD657BC9}.Release|iPhoneSimulator.Build.0 = Release|Any CPU
		{70757459-B591-4F50-B986-2989AD657BC9}.Release|iPhoneSimulator.Deploy.0 = Release|Any CPU
	EndGlobalSection
	GlobalSection(SolutionProperties) = preSolution
		HideSolutionNode = FALSE
	EndGlobalSection
	GlobalSection(ExtensibilityGlobals) = postSolution
		SolutionGuid = {5383697D-3F73-4259-AE98-06D7A6D10821}
	EndGlobalSection
EndGlobal
